
Microsoft Visual Studio Solution File, Format Version 12.00
# Visual Studio Version 17
VisualStudioVersion = 17.2.32616.157
MinimumVisualStudioVersion = 10.0.40219.1
Project("{9A19103F-16F7-4668-BE54-9A1E7A4F7556}") = "Api", "Api\Api.csproj", "{6F1C09D9-BE71-4DB4-8CD2-8551818A140B}"
EndProject
Project("{9A19103F-16F7-4668-BE54-9A1E7A4F7556}") = "FrontEnd", "FrontEnd\FrontEnd.csproj", "{AC200A9A-9B92-49E2-9ADA-7F9C4A6C48AB}"
EndProject
Project("{FAE04EC0-301F-11D3-BF4B-00C04F79EFBC}") = "Wiser.Tests", "Wiser.Tests\Wiser.Tests.csproj", "{93504FCB-A4D9-4540-812D-868222B43D23}"
EndProject
Project("{2150E333-8FDC-42A3-9474-1A3956D46DE8}") = "GitHub", "GitHub", "{13812A6D-3449-4FCB-9E71-3B5A0172F075}"
	ProjectSection(SolutionItems) = preProject
		.gitignore = .gitignore
		.github\dependabot.yml = .github\dependabot.yml
		.github\pull_request_template.md = .github\pull_request_template.md
	EndProjectSection
EndProject
Project("{2150E333-8FDC-42A3-9474-1A3956D46DE8}") = "Workflows", "Workflows", "{4D72169F-B343-4E64-8F0E-62B1089A97FB}"
	ProjectSection(SolutionItems) = preProject
		.github\workflows\publish-new-release-ext-2-live.yml = .github\workflows\publish-new-release-ext-2-live.yml
		.github\workflows\publish-new-releases-live-1.yml = .github\workflows\publish-new-releases-live-1.yml
		.github\workflows\publish-new-releases-live-2.yml = .github\workflows\publish-new-releases-live-2.yml
		.github\workflows\publish-new-releases-test-1.yml = .github\workflows\publish-new-releases-test-1.yml
		.github\workflows\publish-new-releases-test-2.yml = .github\workflows\publish-new-releases-test-2.yml
		.github\workflows\publish-to-docker.yml = .github\workflows\publish-to-docker.yml
	EndProjectSection
EndProject
Project("{2150E333-8FDC-42A3-9474-1A3956D46DE8}") = "Documentation", "Documentation", "{3E22C79F-099F-4CDA-82FB-76E9920392EE}"
	ProjectSection(SolutionItems) = preProject
		CONTRIBUTING.md = CONTRIBUTING.md
		LICENSE = LICENSE
		README.md = README.md
	EndProjectSection
EndProject
Global
	GlobalSection(SolutionConfigurationPlatforms) = preSolution
		Debug|Any CPU = Debug|Any CPU
		Release|Any CPU = Release|Any CPU
	EndGlobalSection
	GlobalSection(ProjectConfigurationPlatforms) = postSolution
		{6F1C09D9-BE71-4DB4-8CD2-8551818A140B}.Debug|Any CPU.ActiveCfg = Debug|Any CPU
		{6F1C09D9-BE71-4DB4-8CD2-8551818A140B}.Debug|Any CPU.Build.0 = Debug|Any CPU
		{6F1C09D9-BE71-4DB4-8CD2-8551818A140B}.Release|Any CPU.ActiveCfg = Release|Any CPU
		{6F1C09D9-BE71-4DB4-8CD2-8551818A140B}.Release|Any CPU.Build.0 = Release|Any CPU
		{AC200A9A-9B92-49E2-9ADA-7F9C4A6C48AB}.Debug|Any CPU.ActiveCfg = Debug|Any CPU
		{AC200A9A-9B92-49E2-9ADA-7F9C4A6C48AB}.Debug|Any CPU.Build.0 = Debug|Any CPU
		{AC200A9A-9B92-49E2-9ADA-7F9C4A6C48AB}.Release|Any CPU.ActiveCfg = Release|Any CPU
		{AC200A9A-9B92-49E2-9ADA-7F9C4A6C48AB}.Release|Any CPU.Build.0 = Release|Any CPU
		{93504FCB-A4D9-4540-812D-868222B43D23}.Debug|Any CPU.ActiveCfg = Debug|Any CPU
		{93504FCB-A4D9-4540-812D-868222B43D23}.Debug|Any CPU.Build.0 = Debug|Any CPU
		{93504FCB-A4D9-4540-812D-868222B43D23}.Release|Any CPU.ActiveCfg = Release|Any CPU
		{93504FCB-A4D9-4540-812D-868222B43D23}.Release|Any CPU.Build.0 = Release|Any CPU
	EndGlobalSection
	GlobalSection(SolutionProperties) = preSolution
		HideSolutionNode = FALSE
	EndGlobalSection
	GlobalSection(ExtensibilityGlobals) = postSolution
		SolutionGuid = {1D0C3936-A0DF-4158-B0A5-1CC17257B630}
	EndGlobalSection
	GlobalSection(NestedProjects) = preSolution
		{4D72169F-B343-4E64-8F0E-62B1089A97FB} = {13812A6D-3449-4FCB-9E71-3B5A0172F075}
	EndGlobalSection
EndGlobal